
Microsoft Visual Studio Solution File, Format Version 12.00
# Visual Studio Version 17
VisualStudioVersion = 17.14.36705.20 d17.14
MinimumVisualStudioVersion = 10.0.40219.1
Project("{FAE04EC0-301F-11D3-BF4B-00C04F79EFBC}") = "ObligatorioParte2Razor", "ObligatorioParte2Razor\ObligatorioParte2Razor.csproj", "{03D72E79-6BB9-4DC9-AB17-B1F0BDF5064C}"
EndProject
Global
	GlobalSection(SolutionConfigurationPlatforms) = preSolution
		Debug|Any CPU = Debug|Any CPU
		Release|Any CPU = Release|Any CPU
	EndGlobalSection
	GlobalSection(ProjectConfigurationPlatforms) = postSolution
		{03D72E79-6BB9-4DC9-AB17-B1F0BDF5064C}.Debug|Any CPU.ActiveCfg = Debug|Any CPU
		{03D72E79-6BB9-4DC9-AB17-B1F0BDF5064C}.Debug|Any CPU.Build.0 = Debug|Any CPU
		{03D72E79-6BB9-4DC9-AB17-B1F0BDF5064C}.Release|Any CPU.ActiveCfg = Release|Any CPU
		{03D72E79-6BB9-4DC9-AB17-B1F0BDF5064C}.Release|Any CPU.Build.0 = Release|Any CPU
	EndGlobalSection
	GlobalSection(SolutionProperties) = preSolution
		HideSolutionNode = FALSE
	EndGlobalSection
	GlobalSection(ExtensibilityGlobals) = postSolution
		SolutionGuid = {BC504D16-15AE-4514-B9FA-8C391D411AC1}
	EndGlobalSection
EndGlobal
